<?xml version="1.0" encoding="utf-8"?>
<Project ToolsVersion="4.0" xmlns="http://schemas.microsoft.com/developer/msbuild/2003">
  <ItemGroup>
    <Filter Include="Source Files">
      <UniqueIdentifier>{4FC737F1-C7A5-4376-A066-2A32D752A2FF}</UniqueIdentifier>
      <Extensions>cpp;c;cc;cxx;c++;cppm;ixx;def;odl;idl;hpj;bat;asm;asmx</Extensions>
    </Filter>
    <Filter Include="Header Files">
      <UniqueIdentifier>{93995380-89BD-4b04-88EB-625FBE52EBFB}</UniqueIdentifier>
      <Extensions>h;hh;hpp;hxx;h++;hm;inl;inc;ipp;xsd</Extensions>
    </Filter>
    <Filter Include="Resource Files">
      <UniqueIdentifier>{67DA6AB6-F800-4c08-8B7A-83BB121AAD01}</UniqueIdentifier>
      <Extensions>rc;ico;cur;bmp;dlg;rc2;rct;bin;rgs;gif;jpg;jpeg;jpe;resx;tiff;tif;png;wav;mfcribbon-ms</Extensions>
    </Filter>
  </ItemGroup>
  <ItemGroup>
    <ClInclude Include="framework.h">
      <Filter>Header Files</Filter>
    </ClInclude>
    <ClInclude Include="targetver.h">
      <Filter>Header Files</Filter>
    </ClInclude>
    <ClInclude Include="Resource.h">
      <Filter>Header Files</Filter>
    </ClInclude>
    <ClInclude Include="QuatApp.h">
      <Filter>Header Files</Filter>
    </ClInclude>
  </ItemGroup>
  <ItemGroup>
    <ClCompile Include="QuatApp.cpp">
      <Filter>Source Files</Filter>
    </ClCompile>
  </ItemGroup>
  <ItemGroup>
    <ResourceCompile Include="QuatApp.rc">
      <Filter>Resource Files</Filter>
    </ResourceCompile>
  </ItemGroup>
  <ItemGroup>
    <Image Include="small.ico">
      <Filter>Resource Files</Filter>
    </Image>
    <Image Include="QuatApp.ico">
      <Filter>Resource Files</Filter>
    </Image>
  </ItemGroup>
  <ItemGroup>
    <None Include="Shaders\Common.hlsl" />
    <None Include="Shaders\DebugTex.hlsl" />
    <None Include="Shaders\DefaultGeo.hlsl" />
    <None Include="Shaders\DefaultPS.hlsl" />
    <None Include="Shaders\DrawNormals.hlsl" />
    <None Include="Shaders\LightingUtil.hlsl" />
    <None Include="Shaders\Shadows.hlsl" />
    <None Include="Shaders\Sky.hlsl" />
    <None Include="Shaders\Ssao.hlsl" />
    <None Include="Shaders\SsaoBlur.hlsl" />
  </ItemGroup>
  <ItemGroup>
    <None Include="Models\columnRound.m3d" />
    <None Include="Models\columnRoundBroken.m3d" />
    <None Include="Models\columnSquare.m3d" />
    <None Include="Models\columnSquareBroken.m3d" />
    <None Include="Models\orbBase.m3d" />
    <None Include="Models\skull.txt" />
    <None Include="Shaders\SharedTypes.h" />
    <None Include="Textures\bolt.dds" />
    <None Include="Textures\bricks0_color.dds" />
    <None Include="Textures\bricks0_gloss_height_ao.dds" />
    <None Include="Textures\bricks0_normal.dds" />
    <None Include="Textures\checkboard.dds" />
    <None Include="Textures\cubemaps\cubemap_sunset2.dds" />
    <None Include="Textures\default_glossHeightAoMap.dds" />
    <None Include="Textures\default_nmap.dds" />
    <None Include="Textures\explosion.dds" />
    <None Include="Textures\grass.dds" />
    <None Include="Textures\ice.dds" />
    <None Include="Textures\models\columnRound_diffuse.dds" />
    <None Include="Textures\models\columnRound_gloss_height_ao.dds" />
    <None Include="Textures\models\columnRound_normal.dds" />
    <None Include="Textures\models\columnSquare_diffuse.dds" />
    <None Include="Textures\models\columnSquare_gloss_height_ao.dds" />
    <None Include="Textures\models\columnSquare_normal.dds" />
    <None Include="Textures\models\orbBase_diffuse.dds" />
    <None Include="Textures\models\orbBase_gloss_height_ao.dds" />
    <None Include="Textures\models\orbBase_normal.dds" />
    <None Include="Textures\raindrop.dds" />
    <None Include="Textures\stonefloor1_diffuse.dds" />
    <None Include="Textures\stonefloor1_gloss_height_ao.dds" />
    <None Include="Textures\stonefloor1_normal.dds" />
    <None Include="Textures\terrain\blendmap0.dds" />
    <None Include="Textures\terrain\blendmap1.dds" />
    <None Include="Textures\terrain\dirt0_color.dds" />
    <None Include="Textures\terrain\dirt0_gloss_height_ao.dds" />
    <None Include="Textures\terrain\dirt0_normal.dds" />
    <None Include="Textures\terrain\dirt1_color.dds" />
    <None Include="Textures\terrain\dirt1_gloss_height_ao.dds" />
    <None Include="Textures\terrain\dirt1_normal.dds" />
    <None Include="Textures\terrain\grass0_color.dds" />
    <None Include="Textures\terrain\grass0_gloss_height_ao.dds" />
    <None Include="Textures\terrain\grass0_normal.dds" />
    <None Include="Textures\terrain\gravel0_color.dds" />
    <None Include="Textures\terrain\gravel0_gloss_height_ao.dds" />
    <None Include="Textures\terrain\gravel0_normal.dds" />
    <None Include="Textures\terrain\rock0_color.dds" />
    <None Include="Textures\terrain\rock0_gloss_height_ao.dds" />
    <None Include="Textures\terrain\rock0_normal.dds" />
    <None Include="Textures\terrain\rock1_color.dds" />
    <None Include="Textures\terrain\rock1_gloss_height_ao.dds" />
    <None Include="Textures\terrain\rock1_normal.dds" />
    <None Include="Textures\terrain\sand0_color.dds" />
    <None Include="Textures\terrain\sand0_gloss_height_ao.dds" />
    <None Include="Textures\terrain\sand0_normal.dds" />
    <None Include="Textures\tile0.dds" />
    <None Include="Textures\treeArray2.dds" />
    <None Include="Textures\water1.dds" />
    <None Include="Textures\white1x1.dds" />
    <None Include="Textures\WireFence.dds" />
    <None Include="Textures\WoodCrate01.dds" />
  </ItemGroup>
  <ItemGroup>
    <None Include="Shaders\DefaultHybridRT.hlsl" />
    <None Include="Shaders\DrawParticles.hlsl" />
    <None Include="Shaders\HelixParticlesMS.hlsl" />
    <None Include="Shaders\HybridReflections.hlsl" />
    <None Include="Shaders\Intersections.hlsl" />
    <None Include="Shaders\ParticlesCS.hlsl" />
    <None Include="Shaders\Raytracing.hlsl" />
    <None Include="Shaders\Terrain.hlsl" />
    <None Include="Shaders\TerrainMS.hlsl" />
    <None Include="Shaders\TessGeo.hlsl" />
  </ItemGroup>
</Project>